
Microsoft Visual Studio Solution File, Format Version 12.00
# Visual Studio Version 16
VisualStudioVersion = 16.0.30907.101
MinimumVisualStudioVersion = 10.0.40219.1
Project("{FAE04EC0-301F-11D3-BF4B-00C04F79EFBC}") = "Noodles", "Noodles\Noodles.csproj", "{EA818A04-BBD6-4CD8-9D1B-AF5A3400AC1D}"
EndProject
Project("{FAE04EC0-301F-11D3-BF4B-00C04F79EFBC}") = "Noodles.Test", "Noodles.Test\Noodles.Test.csproj", "{93E494C7-677E-465E-B25B-6C28870AD00D}"
EndProject
Global
	GlobalSection(SolutionConfigurationPlatforms) = preSolution
		Debug|Any CPU = Debug|Any CPU
		Release|Any CPU = Release|Any CPU
	EndGlobalSection
	GlobalSection(ProjectConfigurationPlatforms) = postSolution
		{EA818A04-BBD6-4CD8-9D1B-AF5A3400AC1D}.Debug|Any CPU.ActiveCfg = Debug|Any CPU
		{EA818A04-BBD6-4CD8-9D1B-AF5A3400AC1D}.Debug|Any CPU.Build.0 = Debug|Any CPU
		{EA818A04-BBD6-4CD8-9D1B-AF5A3400AC1D}.Release|Any CPU.ActiveCfg = Release|Any CPU
		{EA818A04-BBD6-4CD8-9D1B-AF5A3400AC1D}.Release|Any CPU.Build.0 = Release|Any CPU
		{93E494C7-677E-465E-B25B-6C28870AD00D}.Debug|Any CPU.ActiveCfg = Debug|Any CPU
		{93E494C7-677E-465E-B25B-6C28870AD00D}.Debug|Any CPU.Build.0 = Debug|Any CPU
		{93E494C7-677E-465E-B25B-6C28870AD00D}.Release|Any CPU.ActiveCfg = Release|Any CPU
		{93E494C7-677E-465E-B25B-6C28870AD00D}.Release|Any CPU.Build.0 = Release|Any CPU
	EndGlobalSection
	GlobalSection(SolutionProperties) = preSolution
		HideSolutionNode = FALSE
	EndGlobalSection
	GlobalSection(ExtensibilityGlobals) = postSolution
		SolutionGuid = {46E8A770-9E92-46E6-812C-F109B67896E2}
	EndGlobalSection
EndGlobal
